// !$*UTF8*$!
{
	archiveVersion = 1;
	classes = {
	};
	objectVersion = 56;
	objects = {

/* Begin PBXBuildFile section */
		2E02815028F57883001A2ED4 /* SankakuAPI in Frameworks */ = {isa = PBXBuildFile; productRef = 2E02814F28F57883001A2ED4 /* SankakuAPI */; };
		2E34452928F6025C004C4188 /* Collections in Frameworks */ = {isa = PBXBuildFile; productRef = 2E34452828F6025C004C4188 /* Collections */; };
		2E6A430F28F604CB00F89556 /* ComposableArchitecture in Frameworks */ = {isa = PBXBuildFile; productRef = 2E6A430E28F604CB00F89556 /* ComposableArchitecture */; };
		2E6A431728F6289200F89556 /* CombineExt in Frameworks */ = {isa = PBXBuildFile; productRef = 2E6A431628F6289200F89556 /* CombineExt */; };
		2E6A431A28F6E8B600F89556 /* MainFeedFeature.swift in Sources */ = {isa = PBXBuildFile; fileRef = 2E6A431928F6E8B500F89556 /* MainFeedFeature.swift */; };
		2E6A431C28F6F06900F89556 /* MainFeedView.swift in Sources */ = {isa = PBXBuildFile; fileRef = 2E6A431B28F6F06900F89556 /* MainFeedView.swift */; };
		2E6A431F28F6F4A700F89556 /* SankakuAPIDependency.swift in Sources */ = {isa = PBXBuildFile; fileRef = 2E6A431E28F6F4A700F89556 /* SankakuAPIDependency.swift */; };
		2E6A432328F70B4D00F89556 /* TagView.swift in Sources */ = {isa = PBXBuildFile; fileRef = 2E6A432228F70B4D00F89556 /* TagView.swift */; };
		2E6A432728F753D700F89556 /* DetailFeedFeature.swift in Sources */ = {isa = PBXBuildFile; fileRef = 2E6A432628F753D700F89556 /* DetailFeedFeature.swift */; };
		2E6A433028F7584800F89556 /* DetailFeedView.swift in Sources */ = {isa = PBXBuildFile; fileRef = 2E6A432F28F7584800F89556 /* DetailFeedView.swift */; };
		2E6A433328F89AEF00F89556 /* FeedManager.swift in Sources */ = {isa = PBXBuildFile; fileRef = 2E6A433228F89AEF00F89556 /* FeedManager.swift */; };
		2E6A433528F8A9A900F89556 /* FeedManagerDependency.swift in Sources */ = {isa = PBXBuildFile; fileRef = 2E6A433428F8A9A900F89556 /* FeedManagerDependency.swift */; };
		2E6A433828F9AA3900F89556 /* SDWebImageSwiftUI in Frameworks */ = {isa = PBXBuildFile; productRef = 2E6A433728F9AA3900F89556 /* SDWebImageSwiftUI */; };
		2E6A433B28F9FA1E00F89556 /* DetailPageFeature.swift in Sources */ = {isa = PBXBuildFile; fileRef = 2E6A433A28F9FA1E00F89556 /* DetailPageFeature.swift */; };
		2E6A433D28F9FB4900F89556 /* DetailPageView.swift in Sources */ = {isa = PBXBuildFile; fileRef = 2E6A433C28F9FB4900F89556 /* DetailPageView.swift */; };
		2E6A434028FA233900F89556 /* SwiftUIFlow in Frameworks */ = {isa = PBXBuildFile; productRef = 2E6A433F28FA233900F89556 /* SwiftUIFlow */; };
		2E6A434528FB259900F89556 /* ModernRIBs in Frameworks */ = {isa = PBXBuildFile; productRef = 2E6A434428FB259900F89556 /* ModernRIBs */; };
		2E7A1DAE28FC17470009304D /* Feed.swift in Sources */ = {isa = PBXBuildFile; fileRef = 2E7A1DAD28FC17470009304D /* Feed.swift */; };
		2E7A1DB028FC2A490009304D /* MainFeedSuggestedTagsController.swift in Sources */ = {isa = PBXBuildFile; fileRef = 2E7A1DAF28FC2A490009304D /* MainFeedSuggestedTagsController.swift */; };
		2ED2CD9328F56C36001CA186 /* BooruViewerApp.swift in Sources */ = {isa = PBXBuildFile; fileRef = 2ED2CD9228F56C36001CA186 /* BooruViewerApp.swift */; };
		2ED2CD9728F56C36001CA186 /* Assets.xcassets in Resources */ = {isa = PBXBuildFile; fileRef = 2ED2CD9628F56C36001CA186 /* Assets.xcassets */; };
		2EFBA92A28FB363C0053DCEC /* AppDelegate.swift in Sources */ = {isa = PBXBuildFile; fileRef = 2EFBA92928FB363C0053DCEC /* AppDelegate.swift */; };
		2EFBA92C28FB365D0053DCEC /* SceneDelegate.swift in Sources */ = {isa = PBXBuildFile; fileRef = 2EFBA92B28FB365D0053DCEC /* SceneDelegate.swift */; };
		2EFBA92F28FB389B0053DCEC /* ViewController.swift in Sources */ = {isa = PBXBuildFile; fileRef = 2EFBA92E28FB389B0053DCEC /* ViewController.swift */; };
		2EFBA93128FB39F80053DCEC /* AppComponent.swift in Sources */ = {isa = PBXBuildFile; fileRef = 2EFBA93028FB39F80053DCEC /* AppComponent.swift */; };
		2EFBA93728FB3B040053DCEC /* RootRouter.swift in Sources */ = {isa = PBXBuildFile; fileRef = 2EFBA93328FB3B040053DCEC /* RootRouter.swift */; };
		2EFBA93828FB3B040053DCEC /* RootViewController.swift in Sources */ = {isa = PBXBuildFile; fileRef = 2EFBA93428FB3B040053DCEC /* RootViewController.swift */; };
		2EFBA93928FB3B040053DCEC /* RootBuilder.swift in Sources */ = {isa = PBXBuildFile; fileRef = 2EFBA93528FB3B040053DCEC /* RootBuilder.swift */; };
		2EFBA93A28FB3B040053DCEC /* RootInteractor.swift in Sources */ = {isa = PBXBuildFile; fileRef = 2EFBA93628FB3B040053DCEC /* RootInteractor.swift */; };
		2EFBA93F28FB417C0053DCEC /* SnapKit in Frameworks */ = {isa = PBXBuildFile; productRef = 2EFBA93E28FB417C0053DCEC /* SnapKit */; };
		2EFBA94528FB43360053DCEC /* MainFeedRouter.swift in Sources */ = {isa = PBXBuildFile; fileRef = 2EFBA94128FB43360053DCEC /* MainFeedRouter.swift */; };
		2EFBA94628FB43360053DCEC /* MainFeedViewController.swift in Sources */ = {isa = PBXBuildFile; fileRef = 2EFBA94228FB43360053DCEC /* MainFeedViewController.swift */; };
		2EFBA94728FB43360053DCEC /* MainFeedBuilder.swift in Sources */ = {isa = PBXBuildFile; fileRef = 2EFBA94328FB43360053DCEC /* MainFeedBuilder.swift */; };
		2EFBA94828FB43360053DCEC /* MainFeedInteractor.swift in Sources */ = {isa = PBXBuildFile; fileRef = 2EFBA94428FB43360053DCEC /* MainFeedInteractor.swift */; };
/* End PBXBuildFile section */

/* Begin PBXFileReference section */
		2E6A431928F6E8B500F89556 /* MainFeedFeature.swift */ = {isa = PBXFileReference; lastKnownFileType = sourcecode.swift; path = MainFeedFeature.swift; sourceTree = "<group>"; };
		2E6A431B28F6F06900F89556 /* MainFeedView.swift */ = {isa = PBXFileReference; lastKnownFileType = sourcecode.swift; path = MainFeedView.swift; sourceTree = "<group>"; };
		2E6A431E28F6F4A700F89556 /* SankakuAPIDependency.swift */ = {isa = PBXFileReference; lastKnownFileType = sourcecode.swift; path = SankakuAPIDependency.swift; sourceTree = "<group>"; };
		2E6A432228F70B4D00F89556 /* TagView.swift */ = {isa = PBXFileReference; lastKnownFileType = sourcecode.swift; path = TagView.swift; sourceTree = "<group>"; };
		2E6A432628F753D700F89556 /* DetailFeedFeature.swift */ = {isa = PBXFileReference; lastKnownFileType = sourcecode.swift; path = DetailFeedFeature.swift; sourceTree = "<group>"; };
		2E6A432F28F7584800F89556 /* DetailFeedView.swift */ = {isa = PBXFileReference; lastKnownFileType = sourcecode.swift; path = DetailFeedView.swift; sourceTree = "<group>"; };
		2E6A433228F89AEF00F89556 /* FeedManager.swift */ = {isa = PBXFileReference; lastKnownFileType = sourcecode.swift; path = FeedManager.swift; sourceTree = "<group>"; };
		2E6A433428F8A9A900F89556 /* FeedManagerDependency.swift */ = {isa = PBXFileReference; lastKnownFileType = sourcecode.swift; path = FeedManagerDependency.swift; sourceTree = "<group>"; };
		2E6A433A28F9FA1E00F89556 /* DetailPageFeature.swift */ = {isa = PBXFileReference; lastKnownFileType = sourcecode.swift; path = DetailPageFeature.swift; sourceTree = "<group>"; };
		2E6A433C28F9FB4900F89556 /* DetailPageView.swift */ = {isa = PBXFileReference; lastKnownFileType = sourcecode.swift; path = DetailPageView.swift; sourceTree = "<group>"; };
		2E7A1DAD28FC17470009304D /* Feed.swift */ = {isa = PBXFileReference; lastKnownFileType = sourcecode.swift; path = Feed.swift; sourceTree = "<group>"; };
		2E7A1DAF28FC2A490009304D /* MainFeedSuggestedTagsController.swift */ = {isa = PBXFileReference; lastKnownFileType = sourcecode.swift; path = MainFeedSuggestedTagsController.swift; sourceTree = "<group>"; };
		2ED2CD8F28F56C36001CA186 /* BooruViewer.app */ = {isa = PBXFileReference; explicitFileType = wrapper.application; includeInIndex = 0; path = BooruViewer.app; sourceTree = BUILT_PRODUCTS_DIR; };
		2ED2CD9228F56C36001CA186 /* BooruViewerApp.swift */ = {isa = PBXFileReference; lastKnownFileType = sourcecode.swift; path = BooruViewerApp.swift; sourceTree = "<group>"; };
		2ED2CD9428F56C36001CA186 /* ContentView.swift */ = {isa = PBXFileReference; lastKnownFileType = sourcecode.swift; path = ContentView.swift; sourceTree = "<group>"; };
		2ED2CD9628F56C36001CA186 /* Assets.xcassets */ = {isa = PBXFileReference; lastKnownFileType = folder.assetcatalog; path = Assets.xcassets; sourceTree = "<group>"; };
		2ED2CD9828F56C36001CA186 /* BooruViewer.entitlements */ = {isa = PBXFileReference; lastKnownFileType = text.plist.entitlements; path = BooruViewer.entitlements; sourceTree = "<group>"; };
		2ED2CDA328F576DB001CA186 /* PostRepo.swift */ = {isa = PBXFileReference; lastKnownFileType = sourcecode.swift; path = PostRepo.swift; sourceTree = "<group>"; };
		2EFBA92928FB363C0053DCEC /* AppDelegate.swift */ = {isa = PBXFileReference; lastKnownFileType = sourcecode.swift; path = AppDelegate.swift; sourceTree = "<group>"; };
		2EFBA92B28FB365D0053DCEC /* SceneDelegate.swift */ = {isa = PBXFileReference; lastKnownFileType = sourcecode.swift; path = SceneDelegate.swift; sourceTree = "<group>"; };
		2EFBA92D28FB37090053DCEC /* Info.plist */ = {isa = PBXFileReference; lastKnownFileType = text.plist.xml; path = Info.plist; sourceTree = "<group>"; };
		2EFBA92E28FB389B0053DCEC /* ViewController.swift */ = {isa = PBXFileReference; lastKnownFileType = sourcecode.swift; path = ViewController.swift; sourceTree = "<group>"; };
		2EFBA93028FB39F80053DCEC /* AppComponent.swift */ = {isa = PBXFileReference; lastKnownFileType = sourcecode.swift; path = AppComponent.swift; sourceTree = "<group>"; };
		2EFBA93328FB3B040053DCEC /* RootRouter.swift */ = {isa = PBXFileReference; lastKnownFileType = sourcecode.swift; path = RootRouter.swift; sourceTree = "<group>"; };
		2EFBA93428FB3B040053DCEC /* RootViewController.swift */ = {isa = PBXFileReference; lastKnownFileType = sourcecode.swift; path = RootViewController.swift; sourceTree = "<group>"; };
		2EFBA93528FB3B040053DCEC /* RootBuilder.swift */ = {isa = PBXFileReference; lastKnownFileType = sourcecode.swift; path = RootBuilder.swift; sourceTree = "<group>"; };
		2EFBA93628FB3B040053DCEC /* RootInteractor.swift */ = {isa = PBXFileReference; lastKnownFileType = sourcecode.swift; path = RootInteractor.swift; sourceTree = "<group>"; };
		2EFBA94128FB43360053DCEC /* MainFeedRouter.swift */ = {isa = PBXFileReference; lastKnownFileType = sourcecode.swift; path = MainFeedRouter.swift; sourceTree = "<group>"; };
		2EFBA94228FB43360053DCEC /* MainFeedViewController.swift */ = {isa = PBXFileReference; lastKnownFileType = sourcecode.swift; path = MainFeedViewController.swift; sourceTree = "<group>"; };
		2EFBA94328FB43360053DCEC /* MainFeedBuilder.swift */ = {isa = PBXFileReference; lastKnownFileType = sourcecode.swift; path = MainFeedBuilder.swift; sourceTree = "<group>"; };
		2EFBA94428FB43360053DCEC /* MainFeedInteractor.swift */ = {isa = PBXFileReference; lastKnownFileType = sourcecode.swift; path = MainFeedInteractor.swift; sourceTree = "<group>"; };
/* End PBXFileReference section */

/* Begin PBXFrameworksBuildPhase section */
		2ED2CD8C28F56C36001CA186 /* Frameworks */ = {
			isa = PBXFrameworksBuildPhase;
			buildActionMask = 2147483647;
			files = (
				2E6A433828F9AA3900F89556 /* SDWebImageSwiftUI in Frameworks */,
				2EFBA93F28FB417C0053DCEC /* SnapKit in Frameworks */,
				2E34452928F6025C004C4188 /* Collections in Frameworks */,
				2E02815028F57883001A2ED4 /* SankakuAPI in Frameworks */,
				2E6A434528FB259900F89556 /* ModernRIBs in Frameworks */,
				2E6A431728F6289200F89556 /* CombineExt in Frameworks */,
				2E6A434028FA233900F89556 /* SwiftUIFlow in Frameworks */,
				2E6A430F28F604CB00F89556 /* ComposableArchitecture in Frameworks */,
			);
			runOnlyForDeploymentPostprocessing = 0;
		};
/* End PBXFrameworksBuildPhase section */

/* Begin PBXGroup section */
		2E02814E28F57883001A2ED4 /* Frameworks */ = {
			isa = PBXGroup;
			children = (
			);
			name = Frameworks;
			sourceTree = "<group>";
		};
		2E6A431828F6E84600F89556 /* Features */ = {
			isa = PBXGroup;
			children = (
				2E6A432528F753CB00F89556 /* DetailFeed */,
				2E6A433928F9FA1100F89556 /* DetailPage */,
				2E6A432428F74EC600F89556 /* MainFeed */,
			);
			path = Features;
			sourceTree = "<group>";
		};
		2E6A431D28F6F48700F89556 /* Dependencies */ = {
			isa = PBXGroup;
			children = (
				2E6A433428F8A9A900F89556 /* FeedManagerDependency.swift */,
				2E6A431E28F6F4A700F89556 /* SankakuAPIDependency.swift */,
			);
			path = Dependencies;
			sourceTree = "<group>";
		};
		2E6A432028F7031F00F89556 /* Legacy */ = {
			isa = PBXGroup;
			children = (
				2ED2CD9428F56C36001CA186 /* ContentView.swift */,
				2ED2CDA328F576DB001CA186 /* PostRepo.swift */,
			);
			path = Legacy;
			sourceTree = "<group>";
		};
		2E6A432128F70B3700F89556 /* Views */ = {
			isa = PBXGroup;
			children = (
				2E6A432228F70B4D00F89556 /* TagView.swift */,
			);
			path = Views;
			sourceTree = "<group>";
		};
		2E6A432428F74EC600F89556 /* MainFeed */ = {
			isa = PBXGroup;
			children = (
				2E6A431928F6E8B500F89556 /* MainFeedFeature.swift */,
				2E6A431B28F6F06900F89556 /* MainFeedView.swift */,
			);
			path = MainFeed;
			sourceTree = "<group>";
		};
		2E6A432528F753CB00F89556 /* DetailFeed */ = {
			isa = PBXGroup;
			children = (
				2E6A432628F753D700F89556 /* DetailFeedFeature.swift */,
				2E6A432F28F7584800F89556 /* DetailFeedView.swift */,
			);
			path = DetailFeed;
			sourceTree = "<group>";
		};
		2E6A433128F89ADA00F89556 /* Model */ = {
			isa = PBXGroup;
			children = (
				2E6A433228F89AEF00F89556 /* FeedManager.swift */,
				2E7A1DAD28FC17470009304D /* Feed.swift */,
			);
			path = Model;
			sourceTree = "<group>";
		};
		2E6A433928F9FA1100F89556 /* DetailPage */ = {
			isa = PBXGroup;
			children = (
				2E6A433A28F9FA1E00F89556 /* DetailPageFeature.swift */,
				2E6A433C28F9FB4900F89556 /* DetailPageView.swift */,
			);
			path = DetailPage;
			sourceTree = "<group>";
		};
		2E6A434628FB25E000F89556 /* RIBs */ = {
			isa = PBXGroup;
			children = (
				2EFBA94028FB43000053DCEC /* MainFeed */,
				2EFBA93228FB3AF50053DCEC /* Root */,
				2EFBA92E28FB389B0053DCEC /* ViewController.swift */,
			);
			path = RIBs;
			sourceTree = "<group>";
		};
		2E7A1DB128FC2A4E0009304D /* Helpers */ = {
			isa = PBXGroup;
			children = (
				2E7A1DAF28FC2A490009304D /* MainFeedSuggestedTagsController.swift */,
			);
			path = Helpers;
			sourceTree = "<group>";
		};
		2ED2CD8628F56C36001CA186 = {
			isa = PBXGroup;
			children = (
				2ED2CD9128F56C36001CA186 /* BooruViewer */,
				2ED2CD9028F56C36001CA186 /* Products */,
				2E02814E28F57883001A2ED4 /* Frameworks */,
			);
			sourceTree = "<group>";
		};
		2ED2CD9028F56C36001CA186 /* Products */ = {
			isa = PBXGroup;
			children = (
				2ED2CD8F28F56C36001CA186 /* BooruViewer.app */,
			);
			name = Products;
			sourceTree = "<group>";
		};
		2ED2CD9128F56C36001CA186 /* BooruViewer */ = {
			isa = PBXGroup;
			children = (
				2ED2CDA128F570A0001CA186 /* Sources */,
				2ED2CDA228F570A6001CA186 /* Resources */,
			);
			path = BooruViewer;
			sourceTree = "<group>";
		};
		2ED2CDA128F570A0001CA186 /* Sources */ = {
			isa = PBXGroup;
			children = (
				2EFBA92828FB36320053DCEC /* Lifecycle */,
				2E6A434628FB25E000F89556 /* RIBs */,
				2E6A431D28F6F48700F89556 /* Dependencies */,
				2E6A431828F6E84600F89556 /* Features */,
				2E6A432028F7031F00F89556 /* Legacy */,
				2E6A433128F89ADA00F89556 /* Model */,
				2E6A432128F70B3700F89556 /* Views */,
				2ED2CD9228F56C36001CA186 /* BooruViewerApp.swift */,
			);
			path = Sources;
			sourceTree = "<group>";
		};
		2ED2CDA228F570A6001CA186 /* Resources */ = {
			isa = PBXGroup;
			children = (
				2ED2CD9628F56C36001CA186 /* Assets.xcassets */,
				2ED2CD9828F56C36001CA186 /* BooruViewer.entitlements */,
				2EFBA92D28FB37090053DCEC /* Info.plist */,
			);
			path = Resources;
			sourceTree = "<group>";
		};
		2EFBA92828FB36320053DCEC /* Lifecycle */ = {
			isa = PBXGroup;
			children = (
				2EFBA93028FB39F80053DCEC /* AppComponent.swift */,
				2EFBA92928FB363C0053DCEC /* AppDelegate.swift */,
				2EFBA92B28FB365D0053DCEC /* SceneDelegate.swift */,
			);
			path = Lifecycle;
			sourceTree = "<group>";
		};
		2EFBA93228FB3AF50053DCEC /* Root */ = {
			isa = PBXGroup;
			children = (
				2EFBA93528FB3B040053DCEC /* RootBuilder.swift */,
				2EFBA93328FB3B040053DCEC /* RootRouter.swift */,
				2EFBA93628FB3B040053DCEC /* RootInteractor.swift */,
				2EFBA93428FB3B040053DCEC /* RootViewController.swift */,
			);
			path = Root;
			sourceTree = "<group>";
		};
		2EFBA94028FB43000053DCEC /* MainFeed */ = {
			isa = PBXGroup;
			children = (
				2E7A1DB128FC2A4E0009304D /* Helpers */,
				2EFBA94328FB43360053DCEC /* MainFeedBuilder.swift */,
				2EFBA94128FB43360053DCEC /* MainFeedRouter.swift */,
				2EFBA94428FB43360053DCEC /* MainFeedInteractor.swift */,
				2EFBA94228FB43360053DCEC /* MainFeedViewController.swift */,
			);
			path = MainFeed;
			sourceTree = "<group>";
		};
/* End PBXGroup section */

/* Begin PBXNativeTarget section */
		2ED2CD8E28F56C36001CA186 /* BooruViewer */ = {
			isa = PBXNativeTarget;
			buildConfigurationList = 2ED2CD9E28F56C36001CA186 /* Build configuration list for PBXNativeTarget "BooruViewer" */;
			buildPhases = (
				2ED2CD8B28F56C36001CA186 /* Sources */,
				2ED2CD8C28F56C36001CA186 /* Frameworks */,
				2ED2CD8D28F56C36001CA186 /* Resources */,
			);
			buildRules = (
			);
			dependencies = (
			);
			name = BooruViewer;
			packageProductDependencies = (
				2E02814F28F57883001A2ED4 /* SankakuAPI */,
				2E34452828F6025C004C4188 /* Collections */,
				2E6A430E28F604CB00F89556 /* ComposableArchitecture */,
				2E6A431628F6289200F89556 /* CombineExt */,
				2E6A433728F9AA3900F89556 /* SDWebImageSwiftUI */,
				2E6A433F28FA233900F89556 /* SwiftUIFlow */,
				2E6A434428FB259900F89556 /* ModernRIBs */,
				2EFBA93E28FB417C0053DCEC /* SnapKit */,
			);
			productName = BooruViewer;
			productReference = 2ED2CD8F28F56C36001CA186 /* BooruViewer.app */;
			productType = "com.apple.product-type.application";
		};
/* End PBXNativeTarget section */

/* Begin PBXProject section */
		2ED2CD8728F56C36001CA186 /* Project object */ = {
			isa = PBXProject;
			attributes = {
				BuildIndependentTargetsInParallel = 1;
				LastSwiftUpdateCheck = 1400;
				LastUpgradeCheck = 1400;
				TargetAttributes = {
					2ED2CD8E28F56C36001CA186 = {
						CreatedOnToolsVersion = 14.0;
					};
				};
			};
			buildConfigurationList = 2ED2CD8A28F56C36001CA186 /* Build configuration list for PBXProject "BooruViewer" */;
			compatibilityVersion = "Xcode 14.0";
			developmentRegion = en;
			hasScannedForEncodings = 0;
			knownRegions = (
				en,
				Base,
			);
			mainGroup = 2ED2CD8628F56C36001CA186;
			packageReferences = (
				2E34452728F6025C004C4188 /* XCRemoteSwiftPackageReference "swift-collections" */,
				2E6A430D28F604CB00F89556 /* XCRemoteSwiftPackageReference "swift-composable-architecture" */,
				2E6A431528F6289200F89556 /* XCRemoteSwiftPackageReference "CombineExt" */,
				2E6A433628F9AA3900F89556 /* XCRemoteSwiftPackageReference "SDWebImageSwiftUI" */,
				2E6A433E28FA233900F89556 /* XCRemoteSwiftPackageReference "SwiftUIFlow" */,
				2E6A434328FB259900F89556 /* XCRemoteSwiftPackageReference "ModernRIBs" */,
				2EFBA93D28FB417C0053DCEC /* XCRemoteSwiftPackageReference "SnapKit" */,
			);
			productRefGroup = 2ED2CD9028F56C36001CA186 /* Products */;
			projectDirPath = "";
			projectRoot = "";
			targets = (
				2ED2CD8E28F56C36001CA186 /* BooruViewer */,
			);
		};
/* End PBXProject section */

/* Begin PBXResourcesBuildPhase section */
		2ED2CD8D28F56C36001CA186 /* Resources */ = {
			isa = PBXResourcesBuildPhase;
			buildActionMask = 2147483647;
			files = (
				2ED2CD9728F56C36001CA186 /* Assets.xcassets in Resources */,
			);
			runOnlyForDeploymentPostprocessing = 0;
		};
/* End PBXResourcesBuildPhase section */

/* Begin PBXSourcesBuildPhase section */
		2ED2CD8B28F56C36001CA186 /* Sources */ = {
			isa = PBXSourcesBuildPhase;
			buildActionMask = 2147483647;
			files = (
				2EFBA93728FB3B040053DCEC /* RootRouter.swift in Sources */,
				2E7A1DAE28FC17470009304D /* Feed.swift in Sources */,
				2EFBA94528FB43360053DCEC /* MainFeedRouter.swift in Sources */,
				2EFBA93828FB3B040053DCEC /* RootViewController.swift in Sources */,
				2E6A431A28F6E8B600F89556 /* MainFeedFeature.swift in Sources */,
				2EFBA94728FB43360053DCEC /* MainFeedBuilder.swift in Sources */,
				2E6A432328F70B4D00F89556 /* TagView.swift in Sources */,
				2EFBA93A28FB3B040053DCEC /* RootInteractor.swift in Sources */,
				2E6A433B28F9FA1E00F89556 /* DetailPageFeature.swift in Sources */,
				2EFBA93928FB3B040053DCEC /* RootBuilder.swift in Sources */,
				2E6A433028F7584800F89556 /* DetailFeedView.swift in Sources */,
				2E6A433328F89AEF00F89556 /* FeedManager.swift in Sources */,
				2EFBA94828FB43360053DCEC /* MainFeedInteractor.swift in Sources */,
				2EFBA94628FB43360053DCEC /* MainFeedViewController.swift in Sources */,
				2EFBA93128FB39F80053DCEC /* AppComponent.swift in Sources */,
				2E6A433528F8A9A900F89556 /* FeedManagerDependency.swift in Sources */,
				2EFBA92C28FB365D0053DCEC /* SceneDelegate.swift in Sources */,
				2E6A431F28F6F4A700F89556 /* SankakuAPIDependency.swift in Sources */,
				2EFBA92A28FB363C0053DCEC /* AppDelegate.swift in Sources */,
				2E6A432728F753D700F89556 /* DetailFeedFeature.swift in Sources */,
				2EFBA92F28FB389B0053DCEC /* ViewController.swift in Sources */,
				2E7A1DB028FC2A490009304D /* MainFeedSuggestedTagsController.swift in Sources */,
				2ED2CD9328F56C36001CA186 /* BooruViewerApp.swift in Sources */,
				2E6A431C28F6F06900F89556 /* MainFeedView.swift in Sources */,
				2E6A433D28F9FB4900F89556 /* DetailPageView.swift in Sources */,
			);
			runOnlyForDeploymentPostprocessing = 0;
		};
/* End PBXSourcesBuildPhase section */

/* Begin XCBuildConfiguration section */
		2ED2CD9C28F56C36001CA186 /* Debug */ = {
			isa = XCBuildConfiguration;
			buildSettings = {
				ALWAYS_SEARCH_USER_PATHS = NO;
				CLANG_ANALYZER_NONNULL = YES;
				CLANG_ANALYZER_NUMBER_OBJECT_CONVERSION = YES_AGGRESSIVE;
				CLANG_CXX_LANGUAGE_STANDARD = "gnu++20";
				CLANG_ENABLE_MODULES = YES;
				CLANG_ENABLE_OBJC_ARC = YES;
				CLANG_ENABLE_OBJC_WEAK = YES;
				CLANG_WARN_BLOCK_CAPTURE_AUTORELEASING = YES;
				CLANG_WARN_BOOL_CONVERSION = YES;
				CLANG_WARN_COMMA = YES;
				CLANG_WARN_CONSTANT_CONVERSION = YES;
				CLANG_WARN_DEPRECATED_OBJC_IMPLEMENTATIONS = YES;
				CLANG_WARN_DIRECT_OBJC_ISA_USAGE = YES_ERROR;
				CLANG_WARN_DOCUMENTATION_COMMENTS = YES;
				CLANG_WARN_EMPTY_BODY = YES;
				CLANG_WARN_ENUM_CONVERSION = YES;
				CLANG_WARN_INFINITE_RECURSION = YES;
				CLANG_WARN_INT_CONVERSION = YES;
				CLANG_WARN_NON_LITERAL_NULL_CONVERSION = YES;
				CLANG_WARN_OBJC_IMPLICIT_RETAIN_SELF = YES;
				CLANG_WARN_OBJC_LITERAL_CONVERSION = YES;
				CLANG_WARN_OBJC_ROOT_CLASS = YES_ERROR;
				CLANG_WARN_QUOTED_INCLUDE_IN_FRAMEWORK_HEADER = YES;
				CLANG_WARN_RANGE_LOOP_ANALYSIS = YES;
				CLANG_WARN_STRICT_PROTOTYPES = YES;
				CLANG_WARN_SUSPICIOUS_MOVE = YES;
				CLANG_WARN_UNGUARDED_AVAILABILITY = YES_AGGRESSIVE;
				CLANG_WARN_UNREACHABLE_CODE = YES;
				CLANG_WARN__DUPLICATE_METHOD_MATCH = YES;
				COPY_PHASE_STRIP = NO;
				DEBUG_INFORMATION_FORMAT = dwarf;
				ENABLE_STRICT_OBJC_MSGSEND = YES;
				ENABLE_TESTABILITY = YES;
				GCC_C_LANGUAGE_STANDARD = gnu11;
				GCC_DYNAMIC_NO_PIC = NO;
				GCC_NO_COMMON_BLOCKS = YES;
				GCC_OPTIMIZATION_LEVEL = 0;
				GCC_PREPROCESSOR_DEFINITIONS = (
					"DEBUG=1",
					"$(inherited)",
				);
				GCC_WARN_64_TO_32_BIT_CONVERSION = YES;
				GCC_WARN_ABOUT_RETURN_TYPE = YES_ERROR;
				GCC_WARN_UNDECLARED_SELECTOR = YES;
				GCC_WARN_UNINITIALIZED_AUTOS = YES_AGGRESSIVE;
				GCC_WARN_UNUSED_FUNCTION = YES;
				GCC_WARN_UNUSED_VARIABLE = YES;
				MTL_ENABLE_DEBUG_INFO = INCLUDE_SOURCE;
				MTL_FAST_MATH = YES;
				ONLY_ACTIVE_ARCH = YES;
				SWIFT_ACTIVE_COMPILATION_CONDITIONS = DEBUG;
				SWIFT_OPTIMIZATION_LEVEL = "-Onone";
			};
			name = Debug;
		};
		2ED2CD9D28F56C36001CA186 /* Release */ = {
			isa = XCBuildConfiguration;
			buildSettings = {
				ALWAYS_SEARCH_USER_PATHS = NO;
				CLANG_ANALYZER_NONNULL = YES;
				CLANG_ANALYZER_NUMBER_OBJECT_CONVERSION = YES_AGGRESSIVE;
				CLANG_CXX_LANGUAGE_STANDARD = "gnu++20";
				CLANG_ENABLE_MODULES = YES;
				CLANG_ENABLE_OBJC_ARC = YES;
				CLANG_ENABLE_OBJC_WEAK = YES;
				CLANG_WARN_BLOCK_CAPTURE_AUTORELEASING = YES;
				CLANG_WARN_BOOL_CONVERSION = YES;
				CLANG_WARN_COMMA = YES;
				CLANG_WARN_CONSTANT_CONVERSION = YES;
				CLANG_WARN_DEPRECATED_OBJC_IMPLEMENTATIONS = YES;
				CLANG_WARN_DIRECT_OBJC_ISA_USAGE = YES_ERROR;
				CLANG_WARN_DOCUMENTATION_COMMENTS = YES;
				CLANG_WARN_EMPTY_BODY = YES;
				CLANG_WARN_ENUM_CONVERSION = YES;
				CLANG_WARN_INFINITE_RECURSION = YES;
				CLANG_WARN_INT_CONVERSION = YES;
				CLANG_WARN_NON_LITERAL_NULL_CONVERSION = YES;
				CLANG_WARN_OBJC_IMPLICIT_RETAIN_SELF = YES;
				CLANG_WARN_OBJC_LITERAL_CONVERSION = YES;
				CLANG_WARN_OBJC_ROOT_CLASS = YES_ERROR;
				CLANG_WARN_QUOTED_INCLUDE_IN_FRAMEWORK_HEADER = YES;
				CLANG_WARN_RANGE_LOOP_ANALYSIS = YES;
				CLANG_WARN_STRICT_PROTOTYPES = YES;
				CLANG_WARN_SUSPICIOUS_MOVE = YES;
				CLANG_WARN_UNGUARDED_AVAILABILITY = YES_AGGRESSIVE;
				CLANG_WARN_UNREACHABLE_CODE = YES;
				CLANG_WARN__DUPLICATE_METHOD_MATCH = YES;
				COPY_PHASE_STRIP = NO;
				DEBUG_INFORMATION_FORMAT = "dwarf-with-dsym";
				ENABLE_NS_ASSERTIONS = NO;
				ENABLE_STRICT_OBJC_MSGSEND = YES;
				GCC_C_LANGUAGE_STANDARD = gnu11;
				GCC_NO_COMMON_BLOCKS = YES;
				GCC_WARN_64_TO_32_BIT_CONVERSION = YES;
				GCC_WARN_ABOUT_RETURN_TYPE = YES_ERROR;
				GCC_WARN_UNDECLARED_SELECTOR = YES;
				GCC_WARN_UNINITIALIZED_AUTOS = YES_AGGRESSIVE;
				GCC_WARN_UNUSED_FUNCTION = YES;
				GCC_WARN_UNUSED_VARIABLE = YES;
				MTL_ENABLE_DEBUG_INFO = NO;
				MTL_FAST_MATH = YES;
				SWIFT_COMPILATION_MODE = wholemodule;
				SWIFT_OPTIMIZATION_LEVEL = "-O";
			};
			name = Release;
		};
		2ED2CD9F28F56C36001CA186 /* Debug */ = {
			isa = XCBuildConfiguration;
			buildSettings = {
				ASSETCATALOG_COMPILER_APPICON_NAME = AppIcon;
				ASSETCATALOG_COMPILER_GLOBAL_ACCENT_COLOR_NAME = AccentColor;
				CODE_SIGN_ENTITLEMENTS = BooruViewer/Resources/BooruViewer.entitlements;
				CODE_SIGN_STYLE = Automatic;
				CURRENT_PROJECT_VERSION = 1;
				DEVELOPMENT_ASSET_PATHS = "";
				DEVELOPMENT_TEAM = 6KF38574XS;
				ENABLE_HARDENED_RUNTIME = YES;
				ENABLE_PREVIEWS = YES;
				GENERATE_INFOPLIST_FILE = YES;
				INFOPLIST_FILE = BooruViewer/Resources/Info.plist;
				"INFOPLIST_KEY_UIApplicationSceneManifest_Generation[sdk=iphoneos*]" = YES;
				"INFOPLIST_KEY_UIApplicationSceneManifest_Generation[sdk=iphonesimulator*]" = YES;
				"INFOPLIST_KEY_UIApplicationSupportsIndirectInputEvents[sdk=iphoneos*]" = YES;
				"INFOPLIST_KEY_UIApplicationSupportsIndirectInputEvents[sdk=iphonesimulator*]" = YES;
				"INFOPLIST_KEY_UILaunchScreen_Generation[sdk=iphoneos*]" = YES;
				"INFOPLIST_KEY_UILaunchScreen_Generation[sdk=iphonesimulator*]" = YES;
				"INFOPLIST_KEY_UIStatusBarStyle[sdk=iphoneos*]" = UIStatusBarStyleDefault;
				"INFOPLIST_KEY_UIStatusBarStyle[sdk=iphonesimulator*]" = UIStatusBarStyleDefault;
				INFOPLIST_KEY_UISupportedInterfaceOrientations_iPad = "UIInterfaceOrientationPortrait UIInterfaceOrientationPortraitUpsideDown UIInterfaceOrientationLandscapeLeft UIInterfaceOrientationLandscapeRight";
				INFOPLIST_KEY_UISupportedInterfaceOrientations_iPhone = "UIInterfaceOrientationPortrait UIInterfaceOrientationLandscapeLeft UIInterfaceOrientationLandscapeRight";
				IPHONEOS_DEPLOYMENT_TARGET = 16.0;
				LD_RUNPATH_SEARCH_PATHS = "@executable_path/Frameworks";
				"LD_RUNPATH_SEARCH_PATHS[sdk=macosx*]" = "@executable_path/../Frameworks";
				MACOSX_DEPLOYMENT_TARGET = 12.3;
				MARKETING_VERSION = 1.0;
				PRODUCT_BUNDLE_IDENTIFIER = com.apstygo.BooruViewer;
				PRODUCT_NAME = "$(TARGET_NAME)";
				SDKROOT = auto;
				SUPPORTED_PLATFORMS = "iphoneos iphonesimulator";
				SUPPORTS_MACCATALYST = YES;
				SUPPORTS_MAC_DESIGNED_FOR_IPHONE_IPAD = NO;
				SWIFT_EMIT_LOC_STRINGS = YES;
				SWIFT_VERSION = 5.0;
				TARGETED_DEVICE_FAMILY = "1,2";
			};
			name = Debug;
		};
		2ED2CDA028F56C36001CA186 /* Release */ = {
			isa = XCBuildConfiguration;
			buildSettings = {
				ASSETCATALOG_COMPILER_APPICON_NAME = AppIcon;
				ASSETCATALOG_COMPILER_GLOBAL_ACCENT_COLOR_NAME = AccentColor;
				CODE_SIGN_ENTITLEMENTS = BooruViewer/Resources/BooruViewer.entitlements;
				CODE_SIGN_STYLE = Automatic;
				CURRENT_PROJECT_VERSION = 1;
				DEVELOPMENT_ASSET_PATHS = "";
				DEVELOPMENT_TEAM = 6KF38574XS;
				ENABLE_HARDENED_RUNTIME = YES;
				ENABLE_PREVIEWS = YES;
				GENERATE_INFOPLIST_FILE = YES;
				INFOPLIST_FILE = BooruViewer/Resources/Info.plist;
				"INFOPLIST_KEY_UIApplicationSceneManifest_Generation[sdk=iphoneos*]" = YES;
				"INFOPLIST_KEY_UIApplicationSceneManifest_Generation[sdk=iphonesimulator*]" = YES;
				"INFOPLIST_KEY_UIApplicationSupportsIndirectInputEvents[sdk=iphoneos*]" = YES;
				"INFOPLIST_KEY_UIApplicationSupportsIndirectInputEvents[sdk=iphonesimulator*]" = YES;
				"INFOPLIST_KEY_UILaunchScreen_Generation[sdk=iphoneos*]" = YES;
				"INFOPLIST_KEY_UILaunchScreen_Generation[sdk=iphonesimulator*]" = YES;
				"INFOPLIST_KEY_UIStatusBarStyle[sdk=iphoneos*]" = UIStatusBarStyleDefault;
				"INFOPLIST_KEY_UIStatusBarStyle[sdk=iphonesimulator*]" = UIStatusBarStyleDefault;
				INFOPLIST_KEY_UISupportedInterfaceOrientations_iPad = "UIInterfaceOrientationPortrait UIInterfaceOrientationPortraitUpsideDown UIInterfaceOrientationLandscapeLeft UIInterfaceOrientationLandscapeRight";
				INFOPLIST_KEY_UISupportedInterfaceOrientations_iPhone = "UIInterfaceOrientationPortrait UIInterfaceOrientationLandscapeLeft UIInterfaceOrientationLandscapeRight";
				IPHONEOS_DEPLOYMENT_TARGET = 16.0;
				LD_RUNPATH_SEARCH_PATHS = "@executable_path/Frameworks";
				"LD_RUNPATH_SEARCH_PATHS[sdk=macosx*]" = "@executable_path/../Frameworks";
				MACOSX_DEPLOYMENT_TARGET = 12.3;
				MARKETING_VERSION = 1.0;
				PRODUCT_BUNDLE_IDENTIFIER = com.apstygo.BooruViewer;
				PRODUCT_NAME = "$(TARGET_NAME)";
				SDKROOT = auto;
				SUPPORTED_PLATFORMS = "iphoneos iphonesimulator";
				SUPPORTS_MACCATALYST = YES;
				SUPPORTS_MAC_DESIGNED_FOR_IPHONE_IPAD = NO;
				SWIFT_EMIT_LOC_STRINGS = YES;
				SWIFT_VERSION = 5.0;
				TARGETED_DEVICE_FAMILY = "1,2";
			};
			name = Release;
		};
/* End XCBuildConfiguration section */

/* Begin XCConfigurationList section */
		2ED2CD8A28F56C36001CA186 /* Build configuration list for PBXProject "BooruViewer" */ = {
			isa = XCConfigurationList;
			buildConfigurations = (
				2ED2CD9C28F56C36001CA186 /* Debug */,
				2ED2CD9D28F56C36001CA186 /* Release */,
			);
			defaultConfigurationIsVisible = 0;
			defaultConfigurationName = Release;
		};
		2ED2CD9E28F56C36001CA186 /* Build configuration list for PBXNativeTarget "BooruViewer" */ = {
			isa = XCConfigurationList;
			buildConfigurations = (
				2ED2CD9F28F56C36001CA186 /* Debug */,
				2ED2CDA028F56C36001CA186 /* Release */,
			);
			defaultConfigurationIsVisible = 0;
			defaultConfigurationName = Release;
		};
/* End XCConfigurationList section */

/* Begin XCRemoteSwiftPackageReference section */
		2E34452728F6025C004C4188 /* XCRemoteSwiftPackageReference "swift-collections" */ = {
			isa = XCRemoteSwiftPackageReference;
			repositoryURL = "https://github.com/apple/swift-collections.git";
			requirement = {
				kind = upToNextMajorVersion;
				minimumVersion = 1.0.0;
			};
		};
		2E6A430D28F604CB00F89556 /* XCRemoteSwiftPackageReference "swift-composable-architecture" */ = {
			isa = XCRemoteSwiftPackageReference;
			repositoryURL = "https://github.com/pointfreeco/swift-composable-architecture";
			requirement = {
				kind = upToNextMajorVersion;
				minimumVersion = 0.9.0;
			};
		};
		2E6A431528F6289200F89556 /* XCRemoteSwiftPackageReference "CombineExt" */ = {
			isa = XCRemoteSwiftPackageReference;
			repositoryURL = "https://github.com/CombineCommunity/CombineExt";
			requirement = {
				kind = upToNextMajorVersion;
				minimumVersion = 1.0.0;
			};
		};
		2E6A433628F9AA3900F89556 /* XCRemoteSwiftPackageReference "SDWebImageSwiftUI" */ = {
			isa = XCRemoteSwiftPackageReference;
			repositoryURL = "https://github.com/SDWebImage/SDWebImageSwiftUI";
			requirement = {
				kind = upToNextMajorVersion;
				minimumVersion = 2.0.0;
			};
		};
		2E6A433E28FA233900F89556 /* XCRemoteSwiftPackageReference "SwiftUIFlow" */ = {
			isa = XCRemoteSwiftPackageReference;
			repositoryURL = "https://github.com/ciaranrobrien/SwiftUIFlow";
			requirement = {
				branch = main;
				kind = branch;
			};
		};
		2E6A434328FB259900F89556 /* XCRemoteSwiftPackageReference "ModernRIBs" */ = {
			isa = XCRemoteSwiftPackageReference;
			repositoryURL = "https://github.com/DevYeom/ModernRIBs.git";
			requirement = {
				kind = upToNextMajorVersion;
				minimumVersion = 1.0.0;
			};
		};
		2EFBA93D28FB417C0053DCEC /* XCRemoteSwiftPackageReference "SnapKit" */ = {
			isa = XCRemoteSwiftPackageReference;
			repositoryURL = "https://github.com/SnapKit/SnapKit";
			requirement = {
				kind = upToNextMajorVersion;
				minimumVersion = 5.0.0;
			};
		};
/* End XCRemoteSwiftPackageReference section */

/* Begin XCSwiftPackageProductDependency section */
		2E02814F28F57883001A2ED4 /* SankakuAPI */ = {
			isa = XCSwiftPackageProductDependency;
			productName = SankakuAPI;
		};
		2E34452828F6025C004C4188 /* Collections */ = {
			isa = XCSwiftPackageProductDependency;
			package = 2E34452728F6025C004C4188 /* XCRemoteSwiftPackageReference "swift-collections" */;
			productName = Collections;
		};
		2E6A430E28F604CB00F89556 /* ComposableArchitecture */ = {
			isa = XCSwiftPackageProductDependency;
			package = 2E6A430D28F604CB00F89556 /* XCRemoteSwiftPackageReference "swift-composable-architecture" */;
			productName = ComposableArchitecture;
		};
		2E6A431628F6289200F89556 /* CombineExt */ = {
			isa = XCSwiftPackageProductDependency;
			package = 2E6A431528F6289200F89556 /* XCRemoteSwiftPackageReference "CombineExt" */;
			productName = CombineExt;
		};
		2E6A433728F9AA3900F89556 /* SDWebImageSwiftUI */ = {
			isa = XCSwiftPackageProductDependency;
			package = 2E6A433628F9AA3900F89556 /* XCRemoteSwiftPackageReference "SDWebImageSwiftUI" */;
			productName = SDWebImageSwiftUI;
		};
		2E6A433F28FA233900F89556 /* SwiftUIFlow */ = {
			isa = XCSwiftPackageProductDependency;
			package = 2E6A433E28FA233900F89556 /* XCRemoteSwiftPackageReference "SwiftUIFlow" */;
			productName = SwiftUIFlow;
		};
		2E6A434428FB259900F89556 /* ModernRIBs */ = {
			isa = XCSwiftPackageProductDependency;
			package = 2E6A434328FB259900F89556 /* XCRemoteSwiftPackageReference "ModernRIBs" */;
			productName = ModernRIBs;
		};
		2EFBA93E28FB417C0053DCEC /* SnapKit */ = {
			isa = XCSwiftPackageProductDependency;
			package = 2EFBA93D28FB417C0053DCEC /* XCRemoteSwiftPackageReference "SnapKit" */;
			productName = SnapKit;
		};
/* End XCSwiftPackageProductDependency section */
	};
	rootObject = 2ED2CD8728F56C36001CA186 /* Project object */;
}
