// !$*UTF8*$!
{
	archiveVersion = 1;
	classes = {
	};
	objectVersion = 56;
	objects = {

/* Begin PBXBuildFile section */
		2E02815028F57883001A2ED4 /* SankakuAPI in Frameworks */ = {isa = PBXBuildFile; productRef = 2E02814F28F57883001A2ED4 /* SankakuAPI */; };
		2E34452928F6025C004C4188 /* Collections in Frameworks */ = {isa = PBXBuildFile; productRef = 2E34452828F6025C004C4188 /* Collections */; };
		2E37DA00290566A700C916CC /* AuthInfo.swift in Sources */ = {isa = PBXBuildFile; fileRef = 2E37D9FF290566A700C916CC /* AuthInfo.swift */; };
		2E37DA022905672100C916CC /* AuthInfoStorage.swift in Sources */ = {isa = PBXBuildFile; fileRef = 2E37DA012905672100C916CC /* AuthInfoStorage.swift */; };
		2E6A431728F6289200F89556 /* CombineExt in Frameworks */ = {isa = PBXBuildFile; productRef = 2E6A431628F6289200F89556 /* CombineExt */; };
		2E6A432328F70B4D00F89556 /* TagView.swift in Sources */ = {isa = PBXBuildFile; fileRef = 2E6A432228F70B4D00F89556 /* TagView.swift */; };
		2E6A433828F9AA3900F89556 /* SDWebImageSwiftUI in Frameworks */ = {isa = PBXBuildFile; productRef = 2E6A433728F9AA3900F89556 /* SDWebImageSwiftUI */; };
		2E76825D2907202D00ECC68C /* AccessTokenProvider.swift in Sources */ = {isa = PBXBuildFile; fileRef = 2E76825C2907202D00ECC68C /* AccessTokenProvider.swift */; };
		2E7A1DAE28FC17470009304D /* Feed.swift in Sources */ = {isa = PBXBuildFile; fileRef = 2E7A1DAD28FC17470009304D /* Feed.swift */; };
		2E7A1DD128FDAB320009304D /* PostPreview.swift in Sources */ = {isa = PBXBuildFile; fileRef = 2E7A1DD028FDAB320009304D /* PostPreview.swift */; };
		2E7A1DD328FE11F10009304D /* ContextMenuPostPreview.swift in Sources */ = {isa = PBXBuildFile; fileRef = 2E7A1DD228FE11F10009304D /* ContextMenuPostPreview.swift */; };
		2EA09EF7292E6C660075F503 /* TagToken.swift in Sources */ = {isa = PBXBuildFile; fileRef = 2EA09EF6292E6C660075F503 /* TagToken.swift */; };
		2EA09EFB292F37E40075F503 /* FilterEditorView.swift in Sources */ = {isa = PBXBuildFile; fileRef = 2EA09EFA292F37E40075F503 /* FilterEditorView.swift */; };
		2EA09EFD292F38470075F503 /* FilterEditorFeature.swift in Sources */ = {isa = PBXBuildFile; fileRef = 2EA09EFC292F38470075F503 /* FilterEditorFeature.swift */; };
		2EA09F00292FAE540075F503 /* PostDetailFeature.swift in Sources */ = {isa = PBXBuildFile; fileRef = 2EA09EFF292FAE540075F503 /* PostDetailFeature.swift */; };
		2EA09F04292FB2880075F503 /* PostDetailView.swift in Sources */ = {isa = PBXBuildFile; fileRef = 2EA09F03292FB2880075F503 /* PostDetailView.swift */; };
		2EA09F0C292FBC080075F503 /* AsyncView in Frameworks */ = {isa = PBXBuildFile; productRef = 2EA09F0B292FBC080075F503 /* AsyncView */; };
		2EA878B0292D3EAA00AC197F /* BooruViewerApp.swift in Sources */ = {isa = PBXBuildFile; fileRef = 2EA878AF292D3EAA00AC197F /* BooruViewerApp.swift */; };
		2EA878B3292DD34100AC197F /* MainFeedFeature.swift in Sources */ = {isa = PBXBuildFile; fileRef = 2EA878B2292DD34100AC197F /* MainFeedFeature.swift */; };
		2EA878B6292DD3A000AC197F /* ComposableArchitecture in Frameworks */ = {isa = PBXBuildFile; productRef = 2EA878B5292DD3A000AC197F /* ComposableArchitecture */; };
		2EA878BA292DD45300AC197F /* MainFeedView.swift in Sources */ = {isa = PBXBuildFile; fileRef = 2EA878B9292DD45300AC197F /* MainFeedView.swift */; };
		2EBCD1E72905ADF60087D2D4 /* SecureStore.swift in Sources */ = {isa = PBXBuildFile; fileRef = 2EBCD1E62905ADF60087D2D4 /* SecureStore.swift */; };
		2ECB9CD329348DF100CA5EA1 /* SwiftUIFlow in Frameworks */ = {isa = PBXBuildFile; productRef = 2ECB9CD229348DF100CA5EA1 /* SwiftUIFlow */; };
		2ECB9CD929365FF300CA5EA1 /* SankakuAPIDependency.swift in Sources */ = {isa = PBXBuildFile; fileRef = 2ECB9CD829365FF300CA5EA1 /* SankakuAPIDependency.swift */; };
		2ECB9CDD293662B900CA5EA1 /* URLSession+Extension.swift in Sources */ = {isa = PBXBuildFile; fileRef = 2ECB9CDC293662B900CA5EA1 /* URLSession+Extension.swift */; };
		2ECB9CE129366FE800CA5EA1 /* GridItem+Extension.swift in Sources */ = {isa = PBXBuildFile; fileRef = 2ECB9CE029366FE800CA5EA1 /* GridItem+Extension.swift */; };
		2ECB9D0E2939B7EA00CA5EA1 /* PostGridView.swift in Sources */ = {isa = PBXBuildFile; fileRef = 2ECB9D0D2939B7EA00CA5EA1 /* PostGridView.swift */; };
		2ECB9D112939B9D500CA5EA1 /* PostGridFeature.swift in Sources */ = {isa = PBXBuildFile; fileRef = 2ECB9D102939B9D500CA5EA1 /* PostGridFeature.swift */; };
		2ECB9D13293C9F6400CA5EA1 /* Indirect.swift in Sources */ = {isa = PBXBuildFile; fileRef = 2ECB9D12293C9F6400CA5EA1 /* Indirect.swift */; };
		2ED2CD9728F56C36001CA186 /* Assets.xcassets in Resources */ = {isa = PBXBuildFile; fileRef = 2ED2CD9628F56C36001CA186 /* Assets.xcassets */; };
		2EE9B30C28FEF8C1005C22CD /* AnyPublisher+Extension.swift in Sources */ = {isa = PBXBuildFile; fileRef = 2EE9B30B28FEF8C1005C22CD /* AnyPublisher+Extension.swift */; };
/* End PBXBuildFile section */

/* Begin PBXFileReference section */
		2E37D9FF290566A700C916CC /* AuthInfo.swift */ = {isa = PBXFileReference; lastKnownFileType = sourcecode.swift; path = AuthInfo.swift; sourceTree = "<group>"; };
		2E37DA012905672100C916CC /* AuthInfoStorage.swift */ = {isa = PBXFileReference; lastKnownFileType = sourcecode.swift; path = AuthInfoStorage.swift; sourceTree = "<group>"; };
		2E6A432228F70B4D00F89556 /* TagView.swift */ = {isa = PBXFileReference; lastKnownFileType = sourcecode.swift; path = TagView.swift; sourceTree = "<group>"; };
		2E76825C2907202D00ECC68C /* AccessTokenProvider.swift */ = {isa = PBXFileReference; lastKnownFileType = sourcecode.swift; path = AccessTokenProvider.swift; sourceTree = "<group>"; };
		2E7A1DAD28FC17470009304D /* Feed.swift */ = {isa = PBXFileReference; lastKnownFileType = sourcecode.swift; path = Feed.swift; sourceTree = "<group>"; };
		2E7A1DD028FDAB320009304D /* PostPreview.swift */ = {isa = PBXFileReference; lastKnownFileType = sourcecode.swift; path = PostPreview.swift; sourceTree = "<group>"; };
		2E7A1DD228FE11F10009304D /* ContextMenuPostPreview.swift */ = {isa = PBXFileReference; lastKnownFileType = sourcecode.swift; path = ContextMenuPostPreview.swift; sourceTree = "<group>"; };
		2EA09EF6292E6C660075F503 /* TagToken.swift */ = {isa = PBXFileReference; lastKnownFileType = sourcecode.swift; path = TagToken.swift; sourceTree = "<group>"; };
		2EA09EFA292F37E40075F503 /* FilterEditorView.swift */ = {isa = PBXFileReference; lastKnownFileType = sourcecode.swift; path = FilterEditorView.swift; sourceTree = "<group>"; };
		2EA09EFC292F38470075F503 /* FilterEditorFeature.swift */ = {isa = PBXFileReference; lastKnownFileType = sourcecode.swift; path = FilterEditorFeature.swift; sourceTree = "<group>"; };
		2EA09EFF292FAE540075F503 /* PostDetailFeature.swift */ = {isa = PBXFileReference; lastKnownFileType = sourcecode.swift; path = PostDetailFeature.swift; sourceTree = "<group>"; };
		2EA09F03292FB2880075F503 /* PostDetailView.swift */ = {isa = PBXFileReference; lastKnownFileType = sourcecode.swift; path = PostDetailView.swift; sourceTree = "<group>"; };
		2EA878AF292D3EAA00AC197F /* BooruViewerApp.swift */ = {isa = PBXFileReference; lastKnownFileType = sourcecode.swift; path = BooruViewerApp.swift; sourceTree = "<group>"; };
		2EA878B2292DD34100AC197F /* MainFeedFeature.swift */ = {isa = PBXFileReference; lastKnownFileType = sourcecode.swift; path = MainFeedFeature.swift; sourceTree = "<group>"; };
		2EA878B9292DD45300AC197F /* MainFeedView.swift */ = {isa = PBXFileReference; lastKnownFileType = sourcecode.swift; path = MainFeedView.swift; sourceTree = "<group>"; };
		2EBCD1E62905ADF60087D2D4 /* SecureStore.swift */ = {isa = PBXFileReference; lastKnownFileType = sourcecode.swift; path = SecureStore.swift; sourceTree = "<group>"; };
		2ECB9CD829365FF300CA5EA1 /* SankakuAPIDependency.swift */ = {isa = PBXFileReference; lastKnownFileType = sourcecode.swift; path = SankakuAPIDependency.swift; sourceTree = "<group>"; };
		2ECB9CDC293662B900CA5EA1 /* URLSession+Extension.swift */ = {isa = PBXFileReference; lastKnownFileType = sourcecode.swift; path = "URLSession+Extension.swift"; sourceTree = "<group>"; };
		2ECB9CE029366FE800CA5EA1 /* GridItem+Extension.swift */ = {isa = PBXFileReference; lastKnownFileType = sourcecode.swift; path = "GridItem+Extension.swift"; sourceTree = "<group>"; };
		2ECB9D0D2939B7EA00CA5EA1 /* PostGridView.swift */ = {isa = PBXFileReference; lastKnownFileType = sourcecode.swift; path = PostGridView.swift; sourceTree = "<group>"; };
		2ECB9D102939B9D500CA5EA1 /* PostGridFeature.swift */ = {isa = PBXFileReference; lastKnownFileType = sourcecode.swift; path = PostGridFeature.swift; sourceTree = "<group>"; };
		2ECB9D12293C9F6400CA5EA1 /* Indirect.swift */ = {isa = PBXFileReference; lastKnownFileType = sourcecode.swift; path = Indirect.swift; sourceTree = "<group>"; };
		2ED2CD8F28F56C36001CA186 /* BooruViewer.app */ = {isa = PBXFileReference; explicitFileType = wrapper.application; includeInIndex = 0; path = BooruViewer.app; sourceTree = BUILT_PRODUCTS_DIR; };
		2ED2CD9628F56C36001CA186 /* Assets.xcassets */ = {isa = PBXFileReference; lastKnownFileType = folder.assetcatalog; path = Assets.xcassets; sourceTree = "<group>"; };
		2ED2CD9828F56C36001CA186 /* BooruViewer.entitlements */ = {isa = PBXFileReference; lastKnownFileType = text.plist.entitlements; path = BooruViewer.entitlements; sourceTree = "<group>"; };
		2EE9B30B28FEF8C1005C22CD /* AnyPublisher+Extension.swift */ = {isa = PBXFileReference; lastKnownFileType = sourcecode.swift; path = "AnyPublisher+Extension.swift"; sourceTree = "<group>"; };
		2EFBA92D28FB37090053DCEC /* Info.plist */ = {isa = PBXFileReference; lastKnownFileType = text.plist.xml; path = Info.plist; sourceTree = "<group>"; };
/* End PBXFileReference section */

/* Begin PBXFrameworksBuildPhase section */
		2ED2CD8C28F56C36001CA186 /* Frameworks */ = {
			isa = PBXFrameworksBuildPhase;
			buildActionMask = 2147483647;
			files = (
				2EA878B6292DD3A000AC197F /* ComposableArchitecture in Frameworks */,
				2ECB9CD329348DF100CA5EA1 /* SwiftUIFlow in Frameworks */,
				2E6A433828F9AA3900F89556 /* SDWebImageSwiftUI in Frameworks */,
				2EA09F0C292FBC080075F503 /* AsyncView in Frameworks */,
				2E34452928F6025C004C4188 /* Collections in Frameworks */,
				2E02815028F57883001A2ED4 /* SankakuAPI in Frameworks */,
				2E6A431728F6289200F89556 /* CombineExt in Frameworks */,
			);
			runOnlyForDeploymentPostprocessing = 0;
		};
/* End PBXFrameworksBuildPhase section */

/* Begin PBXGroup section */
		2E02814E28F57883001A2ED4 /* Frameworks */ = {
			isa = PBXGroup;
			children = (
			);
			name = Frameworks;
			sourceTree = "<group>";
		};
		2E37D9FE2905667F00C916CC /* Authorization */ = {
			isa = PBXGroup;
			children = (
				2E37D9FF290566A700C916CC /* AuthInfo.swift */,
				2E37DA012905672100C916CC /* AuthInfoStorage.swift */,
			);
			path = Authorization;
			sourceTree = "<group>";
		};
		2E6A432128F70B3700F89556 /* Views */ = {
			isa = PBXGroup;
			children = (
				2E7A1DD228FE11F10009304D /* ContextMenuPostPreview.swift */,
				2E7A1DD028FDAB320009304D /* PostPreview.swift */,
				2E6A432228F70B4D00F89556 /* TagView.swift */,
			);
			path = Views;
			sourceTree = "<group>";
		};
		2E6A433128F89ADA00F89556 /* Model */ = {
			isa = PBXGroup;
			children = (
				2E37D9FE2905667F00C916CC /* Authorization */,
				2E76825C2907202D00ECC68C /* AccessTokenProvider.swift */,
				2E7A1DAD28FC17470009304D /* Feed.swift */,
				2EBCD1E62905ADF60087D2D4 /* SecureStore.swift */,
			);
			path = Model;
			sourceTree = "<group>";
		};
		2E7A1DC528FCA7420009304D /* Extensions */ = {
			isa = PBXGroup;
			children = (
				2EE9B30B28FEF8C1005C22CD /* AnyPublisher+Extension.swift */,
				2ECB9CDC293662B900CA5EA1 /* URLSession+Extension.swift */,
				2ECB9CE029366FE800CA5EA1 /* GridItem+Extension.swift */,
			);
			path = Extensions;
			sourceTree = "<group>";
		};
		2EA09EF8292F37A50075F503 /* MainFeed */ = {
			isa = PBXGroup;
			children = (
				2EA878B2292DD34100AC197F /* MainFeedFeature.swift */,
				2EA878B9292DD45300AC197F /* MainFeedView.swift */,
			);
			path = MainFeed;
			sourceTree = "<group>";
		};
		2EA09EF9292F37D00075F503 /* FilterEditor */ = {
			isa = PBXGroup;
			children = (
				2EA09EFC292F38470075F503 /* FilterEditorFeature.swift */,
				2EA09EFA292F37E40075F503 /* FilterEditorView.swift */,
			);
			path = FilterEditor;
			sourceTree = "<group>";
		};
		2EA09EFE292FAE450075F503 /* PostDetail */ = {
			isa = PBXGroup;
			children = (
				2EA09EFF292FAE540075F503 /* PostDetailFeature.swift */,
				2EA09F03292FB2880075F503 /* PostDetailView.swift */,
			);
			path = PostDetail;
			sourceTree = "<group>";
		};
		2EA878B1292D431600AC197F /* Features */ = {
			isa = PBXGroup;
			children = (
				2EA09EF9292F37D00075F503 /* FilterEditor */,
				2EA09EF8292F37A50075F503 /* MainFeed */,
				2EA09EFE292FAE450075F503 /* PostDetail */,
				2ECB9D0F2939B9B600CA5EA1 /* PostGrid */,
			);
			path = Features;
			sourceTree = "<group>";
		};
		2ECB9CD729365FE500CA5EA1 /* DI */ = {
			isa = PBXGroup;
			children = (
				2ECB9CD829365FF300CA5EA1 /* SankakuAPIDependency.swift */,
			);
			path = DI;
			sourceTree = "<group>";
		};
		2ECB9D0F2939B9B600CA5EA1 /* PostGrid */ = {
			isa = PBXGroup;
			children = (
				2ECB9D102939B9D500CA5EA1 /* PostGridFeature.swift */,
				2ECB9D0D2939B7EA00CA5EA1 /* PostGridView.swift */,
			);
			path = PostGrid;
			sourceTree = "<group>";
		};
		2ECB9D14293C9F8000CA5EA1 /* PropertyWrappers */ = {
			isa = PBXGroup;
			children = (
				2ECB9D12293C9F6400CA5EA1 /* Indirect.swift */,
			);
			path = PropertyWrappers;
			sourceTree = "<group>";
		};
		2ED2CD8628F56C36001CA186 = {
			isa = PBXGroup;
			children = (
				2ED2CD9128F56C36001CA186 /* BooruViewer */,
				2ED2CD9028F56C36001CA186 /* Products */,
				2E02814E28F57883001A2ED4 /* Frameworks */,
			);
			sourceTree = "<group>";
		};
		2ED2CD9028F56C36001CA186 /* Products */ = {
			isa = PBXGroup;
			children = (
				2ED2CD8F28F56C36001CA186 /* BooruViewer.app */,
			);
			name = Products;
			sourceTree = "<group>";
		};
		2ED2CD9128F56C36001CA186 /* BooruViewer */ = {
			isa = PBXGroup;
			children = (
				2ED2CDA128F570A0001CA186 /* Sources */,
				2ED2CDA228F570A6001CA186 /* Resources */,
			);
			path = BooruViewer;
			sourceTree = "<group>";
		};
		2ED2CDA128F570A0001CA186 /* Sources */ = {
			isa = PBXGroup;
			children = (
				2ECB9CD729365FE500CA5EA1 /* DI */,
				2E7A1DC528FCA7420009304D /* Extensions */,
				2E6A433128F89ADA00F89556 /* Model */,
				2ECB9D14293C9F8000CA5EA1 /* PropertyWrappers */,
				2EE9B2FF28FEAD04005C22CD /* UI */,
			);
			path = Sources;
			sourceTree = "<group>";
		};
		2ED2CDA228F570A6001CA186 /* Resources */ = {
			isa = PBXGroup;
			children = (
				2ED2CD9628F56C36001CA186 /* Assets.xcassets */,
				2ED2CD9828F56C36001CA186 /* BooruViewer.entitlements */,
				2EFBA92D28FB37090053DCEC /* Info.plist */,
			);
			path = Resources;
			sourceTree = "<group>";
		};
		2EE9B2FF28FEAD04005C22CD /* UI */ = {
			isa = PBXGroup;
			children = (
				2EA878B1292D431600AC197F /* Features */,
				2EFBA92828FB36320053DCEC /* Lifecycle */,
				2E6A432128F70B3700F89556 /* Views */,
				2EA09EF6292E6C660075F503 /* TagToken.swift */,
			);
			path = UI;
			sourceTree = "<group>";
		};
		2EFBA92828FB36320053DCEC /* Lifecycle */ = {
			isa = PBXGroup;
			children = (
				2EA878AF292D3EAA00AC197F /* BooruViewerApp.swift */,
			);
			path = Lifecycle;
			sourceTree = "<group>";
		};
/* End PBXGroup section */

/* Begin PBXNativeTarget section */
		2ED2CD8E28F56C36001CA186 /* BooruViewer */ = {
			isa = PBXNativeTarget;
			buildConfigurationList = 2ED2CD9E28F56C36001CA186 /* Build configuration list for PBXNativeTarget "BooruViewer" */;
			buildPhases = (
				2ED2CD8B28F56C36001CA186 /* Sources */,
				2ED2CD8C28F56C36001CA186 /* Frameworks */,
				2ED2CD8D28F56C36001CA186 /* Resources */,
			);
			buildRules = (
			);
			dependencies = (
			);
			name = BooruViewer;
			packageProductDependencies = (
				2E02814F28F57883001A2ED4 /* SankakuAPI */,
				2E34452828F6025C004C4188 /* Collections */,
				2E6A431628F6289200F89556 /* CombineExt */,
				2E6A433728F9AA3900F89556 /* SDWebImageSwiftUI */,
				2EA878B5292DD3A000AC197F /* ComposableArchitecture */,
				2EA09F0B292FBC080075F503 /* AsyncView */,
				2ECB9CD229348DF100CA5EA1 /* SwiftUIFlow */,
			);
			productName = BooruViewer;
			productReference = 2ED2CD8F28F56C36001CA186 /* BooruViewer.app */;
			productType = "com.apple.product-type.application";
		};
/* End PBXNativeTarget section */

/* Begin PBXProject section */
		2ED2CD8728F56C36001CA186 /* Project object */ = {
			isa = PBXProject;
			attributes = {
				BuildIndependentTargetsInParallel = 1;
				LastSwiftUpdateCheck = 1400;
				LastUpgradeCheck = 1400;
				TargetAttributes = {
					2ED2CD8E28F56C36001CA186 = {
						CreatedOnToolsVersion = 14.0;
					};
				};
			};
			buildConfigurationList = 2ED2CD8A28F56C36001CA186 /* Build configuration list for PBXProject "BooruViewer" */;
			compatibilityVersion = "Xcode 14.0";
			developmentRegion = en;
			hasScannedForEncodings = 0;
			knownRegions = (
				en,
				Base,
			);
			mainGroup = 2ED2CD8628F56C36001CA186;
			packageReferences = (
				2E34452728F6025C004C4188 /* XCRemoteSwiftPackageReference "swift-collections" */,
				2E6A431528F6289200F89556 /* XCRemoteSwiftPackageReference "CombineExt" */,
				2E6A433628F9AA3900F89556 /* XCRemoteSwiftPackageReference "SDWebImageSwiftUI" */,
				2EA878B4292DD3A000AC197F /* XCRemoteSwiftPackageReference "swift-composable-architecture" */,
				2EA09F0A292FBC080075F503 /* XCRemoteSwiftPackageReference "AsyncView" */,
				2ECB9CD129348DF100CA5EA1 /* XCRemoteSwiftPackageReference "SwiftUIFlow" */,
			);
			productRefGroup = 2ED2CD9028F56C36001CA186 /* Products */;
			projectDirPath = "";
			projectRoot = "";
			targets = (
				2ED2CD8E28F56C36001CA186 /* BooruViewer */,
			);
		};
/* End PBXProject section */

/* Begin PBXResourcesBuildPhase section */
		2ED2CD8D28F56C36001CA186 /* Resources */ = {
			isa = PBXResourcesBuildPhase;
			buildActionMask = 2147483647;
			files = (
				2ED2CD9728F56C36001CA186 /* Assets.xcassets in Resources */,
			);
			runOnlyForDeploymentPostprocessing = 0;
		};
/* End PBXResourcesBuildPhase section */

/* Begin PBXSourcesBuildPhase section */
		2ED2CD8B28F56C36001CA186 /* Sources */ = {
			isa = PBXSourcesBuildPhase;
			buildActionMask = 2147483647;
			files = (
				2E7A1DAE28FC17470009304D /* Feed.swift in Sources */,
				2E7A1DD328FE11F10009304D /* ContextMenuPostPreview.swift in Sources */,
				2E37DA00290566A700C916CC /* AuthInfo.swift in Sources */,
				2ECB9CD929365FF300CA5EA1 /* SankakuAPIDependency.swift in Sources */,
				2ECB9D112939B9D500CA5EA1 /* PostGridFeature.swift in Sources */,
				2ECB9CE129366FE800CA5EA1 /* GridItem+Extension.swift in Sources */,
				2EA878B3292DD34100AC197F /* MainFeedFeature.swift in Sources */,
				2E6A432328F70B4D00F89556 /* TagView.swift in Sources */,
				2EA09EF7292E6C660075F503 /* TagToken.swift in Sources */,
				2EBCD1E72905ADF60087D2D4 /* SecureStore.swift in Sources */,
				2EA09F00292FAE540075F503 /* PostDetailFeature.swift in Sources */,
				2EA09EFB292F37E40075F503 /* FilterEditorView.swift in Sources */,
				2ECB9D0E2939B7EA00CA5EA1 /* PostGridView.swift in Sources */,
				2ECB9D13293C9F6400CA5EA1 /* Indirect.swift in Sources */,
				2EE9B30C28FEF8C1005C22CD /* AnyPublisher+Extension.swift in Sources */,
				2E37DA022905672100C916CC /* AuthInfoStorage.swift in Sources */,
				2ECB9CDD293662B900CA5EA1 /* URLSession+Extension.swift in Sources */,
				2E76825D2907202D00ECC68C /* AccessTokenProvider.swift in Sources */,
				2EA09EFD292F38470075F503 /* FilterEditorFeature.swift in Sources */,
				2EA878BA292DD45300AC197F /* MainFeedView.swift in Sources */,
				2EA09F04292FB2880075F503 /* PostDetailView.swift in Sources */,
				2EA878B0292D3EAA00AC197F /* BooruViewerApp.swift in Sources */,
				2E7A1DD128FDAB320009304D /* PostPreview.swift in Sources */,
			);
			runOnlyForDeploymentPostprocessing = 0;
		};
/* End PBXSourcesBuildPhase section */

/* Begin XCBuildConfiguration section */
		2ED2CD9C28F56C36001CA186 /* Debug */ = {
			isa = XCBuildConfiguration;
			buildSettings = {
				ALWAYS_SEARCH_USER_PATHS = NO;
				CLANG_ANALYZER_NONNULL = YES;
				CLANG_ANALYZER_NUMBER_OBJECT_CONVERSION = YES_AGGRESSIVE;
				CLANG_CXX_LANGUAGE_STANDARD = "gnu++20";
				CLANG_ENABLE_MODULES = YES;
				CLANG_ENABLE_OBJC_ARC = YES;
				CLANG_ENABLE_OBJC_WEAK = YES;
				CLANG_WARN_BLOCK_CAPTURE_AUTORELEASING = YES;
				CLANG_WARN_BOOL_CONVERSION = YES;
				CLANG_WARN_COMMA = YES;
				CLANG_WARN_CONSTANT_CONVERSION = YES;
				CLANG_WARN_DEPRECATED_OBJC_IMPLEMENTATIONS = YES;
				CLANG_WARN_DIRECT_OBJC_ISA_USAGE = YES_ERROR;
				CLANG_WARN_DOCUMENTATION_COMMENTS = YES;
				CLANG_WARN_EMPTY_BODY = YES;
				CLANG_WARN_ENUM_CONVERSION = YES;
				CLANG_WARN_INFINITE_RECURSION = YES;
				CLANG_WARN_INT_CONVERSION = YES;
				CLANG_WARN_NON_LITERAL_NULL_CONVERSION = YES;
				CLANG_WARN_OBJC_IMPLICIT_RETAIN_SELF = YES;
				CLANG_WARN_OBJC_LITERAL_CONVERSION = YES;
				CLANG_WARN_OBJC_ROOT_CLASS = YES_ERROR;
				CLANG_WARN_QUOTED_INCLUDE_IN_FRAMEWORK_HEADER = YES;
				CLANG_WARN_RANGE_LOOP_ANALYSIS = YES;
				CLANG_WARN_STRICT_PROTOTYPES = YES;
				CLANG_WARN_SUSPICIOUS_MOVE = YES;
				CLANG_WARN_UNGUARDED_AVAILABILITY = YES_AGGRESSIVE;
				CLANG_WARN_UNREACHABLE_CODE = YES;
				CLANG_WARN__DUPLICATE_METHOD_MATCH = YES;
				COPY_PHASE_STRIP = NO;
				DEBUG_INFORMATION_FORMAT = dwarf;
				ENABLE_STRICT_OBJC_MSGSEND = YES;
				ENABLE_TESTABILITY = YES;
				GCC_C_LANGUAGE_STANDARD = gnu11;
				GCC_DYNAMIC_NO_PIC = NO;
				GCC_NO_COMMON_BLOCKS = YES;
				GCC_OPTIMIZATION_LEVEL = 0;
				GCC_PREPROCESSOR_DEFINITIONS = (
					"DEBUG=1",
					"$(inherited)",
				);
				GCC_WARN_64_TO_32_BIT_CONVERSION = YES;
				GCC_WARN_ABOUT_RETURN_TYPE = YES_ERROR;
				GCC_WARN_UNDECLARED_SELECTOR = YES;
				GCC_WARN_UNINITIALIZED_AUTOS = YES_AGGRESSIVE;
				GCC_WARN_UNUSED_FUNCTION = YES;
				GCC_WARN_UNUSED_VARIABLE = YES;
				MTL_ENABLE_DEBUG_INFO = INCLUDE_SOURCE;
				MTL_FAST_MATH = YES;
				ONLY_ACTIVE_ARCH = YES;
				SWIFT_ACTIVE_COMPILATION_CONDITIONS = DEBUG;
				SWIFT_OPTIMIZATION_LEVEL = "-Onone";
			};
			name = Debug;
		};
		2ED2CD9D28F56C36001CA186 /* Release */ = {
			isa = XCBuildConfiguration;
			buildSettings = {
				ALWAYS_SEARCH_USER_PATHS = NO;
				CLANG_ANALYZER_NONNULL = YES;
				CLANG_ANALYZER_NUMBER_OBJECT_CONVERSION = YES_AGGRESSIVE;
				CLANG_CXX_LANGUAGE_STANDARD = "gnu++20";
				CLANG_ENABLE_MODULES = YES;
				CLANG_ENABLE_OBJC_ARC = YES;
				CLANG_ENABLE_OBJC_WEAK = YES;
				CLANG_WARN_BLOCK_CAPTURE_AUTORELEASING = YES;
				CLANG_WARN_BOOL_CONVERSION = YES;
				CLANG_WARN_COMMA = YES;
				CLANG_WARN_CONSTANT_CONVERSION = YES;
				CLANG_WARN_DEPRECATED_OBJC_IMPLEMENTATIONS = YES;
				CLANG_WARN_DIRECT_OBJC_ISA_USAGE = YES_ERROR;
				CLANG_WARN_DOCUMENTATION_COMMENTS = YES;
				CLANG_WARN_EMPTY_BODY = YES;
				CLANG_WARN_ENUM_CONVERSION = YES;
				CLANG_WARN_INFINITE_RECURSION = YES;
				CLANG_WARN_INT_CONVERSION = YES;
				CLANG_WARN_NON_LITERAL_NULL_CONVERSION = YES;
				CLANG_WARN_OBJC_IMPLICIT_RETAIN_SELF = YES;
				CLANG_WARN_OBJC_LITERAL_CONVERSION = YES;
				CLANG_WARN_OBJC_ROOT_CLASS = YES_ERROR;
				CLANG_WARN_QUOTED_INCLUDE_IN_FRAMEWORK_HEADER = YES;
				CLANG_WARN_RANGE_LOOP_ANALYSIS = YES;
				CLANG_WARN_STRICT_PROTOTYPES = YES;
				CLANG_WARN_SUSPICIOUS_MOVE = YES;
				CLANG_WARN_UNGUARDED_AVAILABILITY = YES_AGGRESSIVE;
				CLANG_WARN_UNREACHABLE_CODE = YES;
				CLANG_WARN__DUPLICATE_METHOD_MATCH = YES;
				COPY_PHASE_STRIP = NO;
				DEBUG_INFORMATION_FORMAT = "dwarf-with-dsym";
				ENABLE_NS_ASSERTIONS = NO;
				ENABLE_STRICT_OBJC_MSGSEND = YES;
				GCC_C_LANGUAGE_STANDARD = gnu11;
				GCC_NO_COMMON_BLOCKS = YES;
				GCC_WARN_64_TO_32_BIT_CONVERSION = YES;
				GCC_WARN_ABOUT_RETURN_TYPE = YES_ERROR;
				GCC_WARN_UNDECLARED_SELECTOR = YES;
				GCC_WARN_UNINITIALIZED_AUTOS = YES_AGGRESSIVE;
				GCC_WARN_UNUSED_FUNCTION = YES;
				GCC_WARN_UNUSED_VARIABLE = YES;
				MTL_ENABLE_DEBUG_INFO = NO;
				MTL_FAST_MATH = YES;
				SWIFT_COMPILATION_MODE = wholemodule;
				SWIFT_OPTIMIZATION_LEVEL = "-O";
			};
			name = Release;
		};
		2ED2CD9F28F56C36001CA186 /* Debug */ = {
			isa = XCBuildConfiguration;
			buildSettings = {
				ASSETCATALOG_COMPILER_APPICON_NAME = AppIcon;
				ASSETCATALOG_COMPILER_GLOBAL_ACCENT_COLOR_NAME = AccentColor;
				CODE_SIGN_ENTITLEMENTS = BooruViewer/Resources/BooruViewer.entitlements;
				CODE_SIGN_STYLE = Automatic;
				CURRENT_PROJECT_VERSION = 1;
				DEVELOPMENT_ASSET_PATHS = "";
				DEVELOPMENT_TEAM = 6KF38574XS;
				ENABLE_HARDENED_RUNTIME = YES;
				ENABLE_PREVIEWS = YES;
				GENERATE_INFOPLIST_FILE = YES;
				INFOPLIST_FILE = BooruViewer/Resources/Info.plist;
				"INFOPLIST_KEY_UIApplicationSceneManifest_Generation[sdk=iphoneos*]" = YES;
				"INFOPLIST_KEY_UIApplicationSceneManifest_Generation[sdk=iphonesimulator*]" = YES;
				"INFOPLIST_KEY_UIApplicationSupportsIndirectInputEvents[sdk=iphoneos*]" = YES;
				"INFOPLIST_KEY_UIApplicationSupportsIndirectInputEvents[sdk=iphonesimulator*]" = YES;
				"INFOPLIST_KEY_UILaunchScreen_Generation[sdk=iphoneos*]" = YES;
				"INFOPLIST_KEY_UILaunchScreen_Generation[sdk=iphonesimulator*]" = YES;
				"INFOPLIST_KEY_UIStatusBarStyle[sdk=iphoneos*]" = UIStatusBarStyleDefault;
				"INFOPLIST_KEY_UIStatusBarStyle[sdk=iphonesimulator*]" = UIStatusBarStyleDefault;
				INFOPLIST_KEY_UISupportedInterfaceOrientations_iPad = "UIInterfaceOrientationPortrait UIInterfaceOrientationPortraitUpsideDown UIInterfaceOrientationLandscapeLeft UIInterfaceOrientationLandscapeRight";
				INFOPLIST_KEY_UISupportedInterfaceOrientations_iPhone = "UIInterfaceOrientationPortrait UIInterfaceOrientationLandscapeLeft UIInterfaceOrientationLandscapeRight";
				IPHONEOS_DEPLOYMENT_TARGET = 16.0;
				LD_RUNPATH_SEARCH_PATHS = "@executable_path/Frameworks";
				"LD_RUNPATH_SEARCH_PATHS[sdk=macosx*]" = "@executable_path/../Frameworks";
				MACOSX_DEPLOYMENT_TARGET = 13.0;
				MARKETING_VERSION = 1.0;
				PRODUCT_BUNDLE_IDENTIFIER = com.apstygo.BooruViewer;
				PRODUCT_NAME = "$(TARGET_NAME)";
				SDKROOT = auto;
				SUPPORTED_PLATFORMS = "iphoneos iphonesimulator macosx";
				SUPPORTS_MACCATALYST = NO;
				SUPPORTS_MAC_DESIGNED_FOR_IPHONE_IPAD = NO;
				SWIFT_EMIT_LOC_STRINGS = YES;
				SWIFT_VERSION = 5.0;
				TARGETED_DEVICE_FAMILY = "1,2";
			};
			name = Debug;
		};
		2ED2CDA028F56C36001CA186 /* Release */ = {
			isa = XCBuildConfiguration;
			buildSettings = {
				ASSETCATALOG_COMPILER_APPICON_NAME = AppIcon;
				ASSETCATALOG_COMPILER_GLOBAL_ACCENT_COLOR_NAME = AccentColor;
				CODE_SIGN_ENTITLEMENTS = BooruViewer/Resources/BooruViewer.entitlements;
				CODE_SIGN_STYLE = Automatic;
				CURRENT_PROJECT_VERSION = 1;
				DEVELOPMENT_ASSET_PATHS = "";
				DEVELOPMENT_TEAM = 6KF38574XS;
				ENABLE_HARDENED_RUNTIME = YES;
				ENABLE_PREVIEWS = YES;
				GENERATE_INFOPLIST_FILE = YES;
				INFOPLIST_FILE = BooruViewer/Resources/Info.plist;
				"INFOPLIST_KEY_UIApplicationSceneManifest_Generation[sdk=iphoneos*]" = YES;
				"INFOPLIST_KEY_UIApplicationSceneManifest_Generation[sdk=iphonesimulator*]" = YES;
				"INFOPLIST_KEY_UIApplicationSupportsIndirectInputEvents[sdk=iphoneos*]" = YES;
				"INFOPLIST_KEY_UIApplicationSupportsIndirectInputEvents[sdk=iphonesimulator*]" = YES;
				"INFOPLIST_KEY_UILaunchScreen_Generation[sdk=iphoneos*]" = YES;
				"INFOPLIST_KEY_UILaunchScreen_Generation[sdk=iphonesimulator*]" = YES;
				"INFOPLIST_KEY_UIStatusBarStyle[sdk=iphoneos*]" = UIStatusBarStyleDefault;
				"INFOPLIST_KEY_UIStatusBarStyle[sdk=iphonesimulator*]" = UIStatusBarStyleDefault;
				INFOPLIST_KEY_UISupportedInterfaceOrientations_iPad = "UIInterfaceOrientationPortrait UIInterfaceOrientationPortraitUpsideDown UIInterfaceOrientationLandscapeLeft UIInterfaceOrientationLandscapeRight";
				INFOPLIST_KEY_UISupportedInterfaceOrientations_iPhone = "UIInterfaceOrientationPortrait UIInterfaceOrientationLandscapeLeft UIInterfaceOrientationLandscapeRight";
				IPHONEOS_DEPLOYMENT_TARGET = 16.0;
				LD_RUNPATH_SEARCH_PATHS = "@executable_path/Frameworks";
				"LD_RUNPATH_SEARCH_PATHS[sdk=macosx*]" = "@executable_path/../Frameworks";
				MACOSX_DEPLOYMENT_TARGET = 13.0;
				MARKETING_VERSION = 1.0;
				PRODUCT_BUNDLE_IDENTIFIER = com.apstygo.BooruViewer;
				PRODUCT_NAME = "$(TARGET_NAME)";
				SDKROOT = auto;
				SUPPORTED_PLATFORMS = "iphoneos iphonesimulator macosx";
				SUPPORTS_MACCATALYST = NO;
				SUPPORTS_MAC_DESIGNED_FOR_IPHONE_IPAD = NO;
				SWIFT_EMIT_LOC_STRINGS = YES;
				SWIFT_VERSION = 5.0;
				TARGETED_DEVICE_FAMILY = "1,2";
			};
			name = Release;
		};
/* End XCBuildConfiguration section */

/* Begin XCConfigurationList section */
		2ED2CD8A28F56C36001CA186 /* Build configuration list for PBXProject "BooruViewer" */ = {
			isa = XCConfigurationList;
			buildConfigurations = (
				2ED2CD9C28F56C36001CA186 /* Debug */,
				2ED2CD9D28F56C36001CA186 /* Release */,
			);
			defaultConfigurationIsVisible = 0;
			defaultConfigurationName = Release;
		};
		2ED2CD9E28F56C36001CA186 /* Build configuration list for PBXNativeTarget "BooruViewer" */ = {
			isa = XCConfigurationList;
			buildConfigurations = (
				2ED2CD9F28F56C36001CA186 /* Debug */,
				2ED2CDA028F56C36001CA186 /* Release */,
			);
			defaultConfigurationIsVisible = 0;
			defaultConfigurationName = Release;
		};
/* End XCConfigurationList section */

/* Begin XCRemoteSwiftPackageReference section */
		2E34452728F6025C004C4188 /* XCRemoteSwiftPackageReference "swift-collections" */ = {
			isa = XCRemoteSwiftPackageReference;
			repositoryURL = "https://github.com/apple/swift-collections.git";
			requirement = {
				kind = upToNextMajorVersion;
				minimumVersion = 1.0.0;
			};
		};
		2E6A431528F6289200F89556 /* XCRemoteSwiftPackageReference "CombineExt" */ = {
			isa = XCRemoteSwiftPackageReference;
			repositoryURL = "https://github.com/CombineCommunity/CombineExt";
			requirement = {
				kind = upToNextMajorVersion;
				minimumVersion = 1.0.0;
			};
		};
		2E6A433628F9AA3900F89556 /* XCRemoteSwiftPackageReference "SDWebImageSwiftUI" */ = {
			isa = XCRemoteSwiftPackageReference;
			repositoryURL = "https://github.com/SDWebImage/SDWebImageSwiftUI";
			requirement = {
				kind = upToNextMajorVersion;
				minimumVersion = 2.0.0;
			};
		};
		2EA09F0A292FBC080075F503 /* XCRemoteSwiftPackageReference "AsyncView" */ = {
			isa = XCRemoteSwiftPackageReference;
			repositoryURL = "https://github.com/ralfebert/AsyncView/";
			requirement = {
				kind = upToNextMajorVersion;
				minimumVersion = 0.5.1;
			};
		};
		2EA878B4292DD3A000AC197F /* XCRemoteSwiftPackageReference "swift-composable-architecture" */ = {
			isa = XCRemoteSwiftPackageReference;
			repositoryURL = "https://github.com/pointfreeco/swift-composable-architecture";
			requirement = {
				branch = main;
				kind = branch;
			};
		};
		2ECB9CD129348DF100CA5EA1 /* XCRemoteSwiftPackageReference "SwiftUIFlow" */ = {
			isa = XCRemoteSwiftPackageReference;
			repositoryURL = "https://github.com/ciaranrobrien/SwiftUIFlow";
			requirement = {
				branch = main;
				kind = branch;
			};
		};
/* End XCRemoteSwiftPackageReference section */

/* Begin XCSwiftPackageProductDependency section */
		2E02814F28F57883001A2ED4 /* SankakuAPI */ = {
			isa = XCSwiftPackageProductDependency;
			productName = SankakuAPI;
		};
		2E34452828F6025C004C4188 /* Collections */ = {
			isa = XCSwiftPackageProductDependency;
			package = 2E34452728F6025C004C4188 /* XCRemoteSwiftPackageReference "swift-collections" */;
			productName = Collections;
		};
		2E6A431628F6289200F89556 /* CombineExt */ = {
			isa = XCSwiftPackageProductDependency;
			package = 2E6A431528F6289200F89556 /* XCRemoteSwiftPackageReference "CombineExt" */;
			productName = CombineExt;
		};
		2E6A433728F9AA3900F89556 /* SDWebImageSwiftUI */ = {
			isa = XCSwiftPackageProductDependency;
			package = 2E6A433628F9AA3900F89556 /* XCRemoteSwiftPackageReference "SDWebImageSwiftUI" */;
			productName = SDWebImageSwiftUI;
		};
		2EA09F0B292FBC080075F503 /* AsyncView */ = {
			isa = XCSwiftPackageProductDependency;
			package = 2EA09F0A292FBC080075F503 /* XCRemoteSwiftPackageReference "AsyncView" */;
			productName = AsyncView;
		};
		2EA878B5292DD3A000AC197F /* ComposableArchitecture */ = {
			isa = XCSwiftPackageProductDependency;
			package = 2EA878B4292DD3A000AC197F /* XCRemoteSwiftPackageReference "swift-composable-architecture" */;
			productName = ComposableArchitecture;
		};
		2ECB9CD229348DF100CA5EA1 /* SwiftUIFlow */ = {
			isa = XCSwiftPackageProductDependency;
			package = 2ECB9CD129348DF100CA5EA1 /* XCRemoteSwiftPackageReference "SwiftUIFlow" */;
			productName = SwiftUIFlow;
		};
/* End XCSwiftPackageProductDependency section */
	};
	rootObject = 2ED2CD8728F56C36001CA186 /* Project object */;
}
